// !$*UTF8*$!
{
	archiveVersion = 1;
	classes = {
	};
	objectVersion = 46;
	objects = {

/* Begin PBXBuildFile section */
		B532EFED1E90F5E400BAE7E4 /* AppDelegate.swift in Sources */ = {isa = PBXBuildFile; fileRef = B532EFEC1E90F5E400BAE7E4 /* AppDelegate.swift */; };
		B532EFEF1E90F5E400BAE7E4 /* ViewController.swift in Sources */ = {isa = PBXBuildFile; fileRef = B532EFEE1E90F5E400BAE7E4 /* ViewController.swift */; };
		B532EFF21E90F5E400BAE7E4 /* Main.storyboard in Resources */ = {isa = PBXBuildFile; fileRef = B532EFF01E90F5E400BAE7E4 /* Main.storyboard */; };
		B532EFF41E90F5E400BAE7E4 /* Assets.xcassets in Resources */ = {isa = PBXBuildFile; fileRef = B532EFF31E90F5E400BAE7E4 /* Assets.xcassets */; };
		B532EFF71E90F5E400BAE7E4 /* LaunchScreen.storyboard in Resources */ = {isa = PBXBuildFile; fileRef = B532EFF51E90F5E400BAE7E4 /* LaunchScreen.storyboard */; };
		B532F0001E90F66300BAE7E4 /* MapKit.framework in Frameworks */ = {isa = PBXBuildFile; fileRef = B532EFFF1E90F66300BAE7E4 /* MapKit.framework */; };
/* End PBXBuildFile section */

/* Begin PBXFileReference section */
		B532EFE91E90F5E400BAE7E4 /* practice.app */ = {isa = PBXFileReference; explicitFileType = wrapper.application; includeInIndex = 0; path = practice.app; sourceTree = BUILT_PRODUCTS_DIR; };
		B532EFEC1E90F5E400BAE7E4 /* AppDelegate.swift */ = {isa = PBXFileReference; lastKnownFileType = sourcecode.swift; path = AppDelegate.swift; sourceTree = "<group>"; };
		B532EFEE1E90F5E400BAE7E4 /* ViewController.swift */ = {isa = PBXFileReference; lastKnownFileType = sourcecode.swift; path = ViewController.swift; sourceTree = "<group>"; };
		B532EFF11E90F5E400BAE7E4 /* Base */ = {isa = PBXFileReference; lastKnownFileType = file.storyboard; name = Base; path = Base.lproj/Main.storyboard; sourceTree = "<group>"; };
		B532EFF31E90F5E400BAE7E4 /* Assets.xcassets */ = {isa = PBXFileReference; lastKnownFileType = folder.assetcatalog; path = Assets.xcassets; sourceTree = "<group>"; };
		B532EFF61E90F5E400BAE7E4 /* Base */ = {isa = PBXFileReference; lastKnownFileType = file.storyboard; name = Base; path = Base.lproj/LaunchScreen.storyboard; sourceTree = "<group>"; };
		B532EFF81E90F5E400BAE7E4 /* Info.plist */ = {isa = PBXFileReference; lastKnownFileType = text.plist.xml; path = Info.plist; sourceTree = "<group>"; };
		B532EFFF1E90F66300BAE7E4 /* MapKit.framework */ = {isa = PBXFileReference; lastKnownFileType = wrapper.framework; name = MapKit.framework; path = System/Library/Frameworks/MapKit.framework; sourceTree = SDKROOT; };
/* End PBXFileReference section */

/* Begin PBXFrameworksBuildPhase section */
		B532EFE61E90F5E300BAE7E4 /* Frameworks */ = {
			isa = PBXFrameworksBuildPhase;
			buildActionMask = 2147483647;
			files = (
				B532F0001E90F66300BAE7E4 /* MapKit.framework in Frameworks */,
			);
			runOnlyForDeploymentPostprocessing = 0;
		};
/* End PBXFrameworksBuildPhase section */

/* Begin PBXGroup section */
		B532EFE01E90F5E300BAE7E4 = {
			isa = PBXGroup;
			children = (
				B532EFEB1E90F5E400BAE7E4 /* practice */,
				B532EFEA1E90F5E400BAE7E4 /* Products */,
				B532EFFE1E90F66300BAE7E4 /* Frameworks */,
			);
			sourceTree = "<group>";
		};
		B532EFEA1E90F5E400BAE7E4 /* Products */ = {
			isa = PBXGroup;
			children = (
				B532EFE91E90F5E400BAE7E4 /* practice.app */,
			);
			name = Products;
			sourceTree = "<group>";
		};
		B532EFEB1E90F5E400BAE7E4 /* practice */ = {
			isa = PBXGroup;
			children = (
				B532EFEC1E90F5E400BAE7E4 /* AppDelegate.swift */,
				B532EFEE1E90F5E400BAE7E4 /* ViewController.swift */,
				B532EFF01E90F5E400BAE7E4 /* Main.storyboard */,
				B532EFF31E90F5E400BAE7E4 /* Assets.xcassets */,
				B532EFF51E90F5E400BAE7E4 /* LaunchScreen.storyboard */,
				B532EFF81E90F5E400BAE7E4 /* Info.plist */,
			);
			path = practice;
			sourceTree = "<group>";
		};
		B532EFFE1E90F66300BAE7E4 /* Frameworks */ = {
			isa = PBXGroup;
			children = (
				B532EFFF1E90F66300BAE7E4 /* MapKit.framework */,
			);
			name = Frameworks;
			sourceTree = "<group>";
		};
/* End PBXGroup section */

/* Begin PBXNativeTarget section */
		B532EFE81E90F5E300BAE7E4 /* practice */ = {
			isa = PBXNativeTarget;
			buildConfigurationList = B532EFFB1E90F5E400BAE7E4 /* Build configuration list for PBXNativeTarget "practice" */;
			buildPhases = (
				B532EFE51E90F5E300BAE7E4 /* Sources */,
				B532EFE61E90F5E300BAE7E4 /* Frameworks */,
				B532EFE71E90F5E300BAE7E4 /* Resources */,
			);
			buildRules = (
			);
			dependencies = (
			);
			name = practice;
			productName = practice;
			productReference = B532EFE91E90F5E400BAE7E4 /* practice.app */;
			productType = "com.apple.product-type.application";
		};
/* End PBXNativeTarget section */

/* Begin PBXProject section */
		B532EFE11E90F5E300BAE7E4 /* Project object */ = {
			isa = PBXProject;
			attributes = {
				LastSwiftUpdateCheck = 0820;
				LastUpgradeCheck = 0820;
				ORGANIZATIONNAME = Bryant;
				TargetAttributes = {
					B532EFE81E90F5E300BAE7E4 = {
						CreatedOnToolsVersion = 8.2.1;
						ProvisioningStyle = Automatic;
						SystemCapabilities = {
							com.apple.Maps.iOS = {
								enabled = 1;
							};
						};
					};
				};
			};
			buildConfigurationList = B532EFE41E90F5E300BAE7E4 /* Build configuration list for PBXProject "practice" */;
			compatibilityVersion = "Xcode 3.2";
			developmentRegion = English;
			hasScannedForEncodings = 0;
			knownRegions = (
				en,
				Base,
			);
			mainGroup = B532EFE01E90F5E300BAE7E4;
			productRefGroup = B532EFEA1E90F5E400BAE7E4 /* Products */;
			projectDirPath = "";
			projectRoot = "";
			targets = (
				B532EFE81E90F5E300BAE7E4 /* practice */,
			);
		};
/* End PBXProject section */

/* Begin PBXResourcesBuildPhase section */
		B532EFE71E90F5E300BAE7E4 /* Resources */ = {
			isa = PBXResourcesBuildPhase;
			buildActionMask = 2147483647;
			files = (
				B532EFF71E90F5E400BAE7E4 /* LaunchScreen.storyboard in Resources */,
				B532EFF41E90F5E400BAE7E4 /* Assets.xcassets in Resources */,
				B532EFF21E90F5E400BAE7E4 /* Main.storyboard in Resources */,
			);
			runOnlyForDeploymentPostprocessing = 0;
		};
/* End PBXResourcesBuildPhase section */

/* Begin PBXSourcesBuildPhase section */
		B532EFE51E90F5E300BAE7E4 /* Sources */ = {
			isa = PBXSourcesBuildPhase;
			buildActionMask = 2147483647;
			files = (
				B532EFEF1E90F5E400BAE7E4 /* ViewController.swift in Sources */,
				B532EFED1E90F5E400BAE7E4 /* AppDelegate.swift in Sources */,
			);
			runOnlyForDeploymentPostprocessing = 0;
		};
/* End PBXSourcesBuildPhase section */

/* Begin PBXVariantGroup section */
		B532EFF01E90F5E400BAE7E4 /* Main.storyboard */ = {
			isa = PBXVariantGroup;
			children = (
				B532EFF11E90F5E400BAE7E4 /* Base */,
			);
			name = Main.storyboard;
			sourceTree = "<group>";
		};
		B532EFF51E90F5E400BAE7E4 /* LaunchScreen.storyboard */ = {
			isa = PBXVariantGroup;
			children = (
				B532EFF61E90F5E400BAE7E4 /* Base */,
			);
			name = LaunchScreen.storyboard;
			sourceTree = "<group>";
		};
/* End PBXVariantGroup section */

/* Begin XCBuildConfiguration section */
		B532EFF91E90F5E400BAE7E4 /* Debug */ = {
			isa = XCBuildConfiguration;
			buildSettings = {
				ALWAYS_SEARCH_USER_PATHS = NO;
				CLANG_ANALYZER_NONNULL = YES;
				CLANG_CXX_LANGUAGE_STANDARD = "gnu++0x";
				CLANG_CXX_LIBRARY = "libc++";
				CLANG_ENABLE_MODULES = YES;
				CLANG_ENABLE_OBJC_ARC = YES;
				CLANG_WARN_BOOL_CONVERSION = YES;
				CLANG_WARN_CONSTANT_CONVERSION = YES;
				CLANG_WARN_DIRECT_OBJC_ISA_USAGE = YES_ERROR;
				CLANG_WARN_DOCUMENTATION_COMMENTS = YES;
				CLANG_WARN_EMPTY_BODY = YES;
				CLANG_WARN_ENUM_CONVERSION = YES;
				CLANG_WARN_INFINITE_RECURSION = YES;
				CLANG_WARN_INT_CONVERSION = YES;
				CLANG_WARN_OBJC_ROOT_CLASS = YES_ERROR;
				CLANG_WARN_SUSPICIOUS_MOVE = YES;
				CLANG_WARN_UNREACHABLE_CODE = YES;
				CLANG_WARN__DUPLICATE_METHOD_MATCH = YES;
				"CODE_SIGN_IDENTITY[sdk=iphoneos*]" = "iPhone Developer";
				COPY_PHASE_STRIP = NO;
				DEBUG_INFORMATION_FORMAT = dwarf;
				ENABLE_STRICT_OBJC_MSGSEND = YES;
				ENABLE_TESTABILITY = YES;
				GCC_C_LANGUAGE_STANDARD = gnu99;
				GCC_DYNAMIC_NO_PIC = NO;
				GCC_NO_COMMON_BLOCKS = YES;
				GCC_OPTIMIZATION_LEVEL = 0;
				GCC_PREPROCESSOR_DEFINITIONS = (
					"DEBUG=1",
					"$(inherited)",
				);
				GCC_WARN_64_TO_32_BIT_CONVERSION = YES;
				GCC_WARN_ABOUT_RETURN_TYPE = YES_ERROR;
				GCC_WARN_UNDECLARED_SELECTOR = YES;
				GCC_WARN_UNINITIALIZED_AUTOS = YES_AGGRESSIVE;
				GCC_WARN_UNUSED_FUNCTION = YES;
				GCC_WARN_UNUSED_VARIABLE = YES;
				IPHONEOS_DEPLOYMENT_TARGET = 10.2;
				MTL_ENABLE_DEBUG_INFO = YES;
				ONLY_ACTIVE_ARCH = YES;
				SDKROOT = iphoneos;
				SWIFT_ACTIVE_COMPILATION_CONDITIONS = DEBUG;
				SWIFT_OPTIMIZATION_LEVEL = "-Onone";
				TARGETED_DEVICE_FAMILY = "1,2";
			};
			name = Debug;
		};
		B532EFFA1E90F5E400BAE7E4 /* Release */ = {
			isa = XCBuildConfiguration;
			buildSettings = {
				ALWAYS_SEARCH_USER_PATHS = NO;
				CLANG_ANALYZER_NONNULL = YES;
				CLANG_CXX_LANGUAGE_STANDARD = "gnu++0x";
				CLANG_CXX_LIBRARY = "libc++";
				CLANG_ENABLE_MODULES = YES;
				CLANG_ENABLE_OBJC_ARC = YES;
				CLANG_WARN_BOOL_CONVERSION = YES;
				CLANG_WARN_CONSTANT_CONVERSION = YES;
				CLANG_WARN_DIRECT_OBJC_ISA_USAGE = YES_ERROR;
				CLANG_WARN_DOCUMENTATION_COMMENTS = YES;
				CLANG_WARN_EMPTY_BODY = YES;
				CLANG_WARN_ENUM_CONVERSION = YES;
				CLANG_WARN_INFINITE_RECURSION = YES;
				CLANG_WARN_INT_CONVERSION = YES;
				CLANG_WARN_OBJC_ROOT_CLASS = YES_ERROR;
				CLANG_WARN_SUSPICIOUS_MOVE = YES;
				CLANG_WARN_UNREACHABLE_CODE = YES;
				CLANG_WARN__DUPLICATE_METHOD_MATCH = YES;
				"CODE_SIGN_IDENTITY[sdk=iphoneos*]" = "iPhone Developer";
				COPY_PHASE_STRIP = NO;
				DEBUG_INFORMATION_FORMAT = "dwarf-with-dsym";
				ENABLE_NS_ASSERTIONS = NO;
				ENABLE_STRICT_OBJC_MSGSEND = YES;
				GCC_C_LANGUAGE_STANDARD = gnu99;
				GCC_NO_COMMON_BLOCKS = YES;
				GCC_WARN_64_TO_32_BIT_CONVERSION = YES;
				GCC_WARN_ABOUT_RETURN_TYPE = YES_ERROR;
				GCC_WARN_UNDECLARED_SELECTOR = YES;
				GCC_WARN_UNINITIALIZED_AUTOS = YES_AGGRESSIVE;
				GCC_WARN_UNUSED_FUNCTION = YES;
				GCC_WARN_UNUSED_VARIABLE = YES;
				IPHONEOS_DEPLOYMENT_TARGET = 10.2;
				MTL_ENABLE_DEBUG_INFO = NO;
				SDKROOT = iphoneos;
				SWIFT_OPTIMIZATION_LEVEL = "-Owholemodule";
				TARGETED_DEVICE_FAMILY = "1,2";
				VALIDATE_PRODUCT = YES;
			};
			name = Release;
		};
		B532EFFC1E90F5E400BAE7E4 /* Debug */ = {
			isa = XCBuildConfiguration;
			buildSettings = {
				ASSETCATALOG_COMPILER_APPICON_NAME = AppIcon;
				INFOPLIST_FILE = practice/Info.plist;
				LD_RUNPATH_SEARCH_PATHS = "$(inherited) @executable_path/Frameworks";
				PRODUCT_BUNDLE_IDENTIFIER = "com.xjr35-outlook.practice";
				PRODUCT_NAME = "$(TARGET_NAME)";
				SWIFT_VERSION = 3.0;
			};
			name = Debug;
		};
		B532EFFD1E90F5E400BAE7E4 /* Release */ = {
			isa = XCBuildConfiguration;
			buildSettings = {
				ASSETCATALOG_COMPILER_APPICON_NAME = AppIcon;
				INFOPLIST_FILE = practice/Info.plist;
				LD_RUNPATH_SEARCH_PATHS = "$(inherited) @executable_path/Frameworks";
				PRODUCT_BUNDLE_IDENTIFIER = "com.xjr35-outlook.practice";
				PRODUCT_NAME = "$(TARGET_NAME)";
				SWIFT_VERSION = 3.0;
			};
			name = Release;
		};
/* End XCBuildConfiguration section */

/* Begin XCConfigurationList section */
		B532EFE41E90F5E300BAE7E4 /* Build configuration list for PBXProject "practice" */ = {
			isa = XCConfigurationList;
			buildConfigurations = (
				B532EFF91E90F5E400BAE7E4 /* Debug */,
				B532EFFA1E90F5E400BAE7E4 /* Release */,
			);
			defaultConfigurationIsVisible = 0;
			defaultConfigurationName = Release;
		};
		B532EFFB1E90F5E400BAE7E4 /* Build configuration list for PBXNativeTarget "practice" */ = {
			isa = XCConfigurationList;
			buildConfigurations = (
				B532EFFC1E90F5E400BAE7E4 /* Debug */,
				B532EFFD1E90F5E400BAE7E4 /* Release */,
			);
			defaultConfigurationIsVisible = 0;
		};
/* End XCConfigurationList section */
	};
	rootObject = B532EFE11E90F5E300BAE7E4 /* Project object */;
}
